
Microsoft Visual Studio Solution File, Format Version 12.00
# Visual Studio 14
VisualStudioVersion = 14.0.25420.1
MinimumVisualStudioVersion = 10.0.40219.1
Project("{FAE04EC0-301F-11D3-BF4B-00C04F79EFBC}") = "ex02", "ex02\ex02.csproj", "{205C8856-EB84-4772-89E1-125F3A9A85D5}"
EndProject
Project("{FAE04EC0-301F-11D3-BF4B-00C04F79EFBC}") = "ex01", "ex01\ex01.csproj", "{12A60600-F1A2-4224-9563-6988B8E4D405}"
EndProject
Global
	GlobalSection(SolutionConfigurationPlatforms) = preSolution
		Debug|Any CPU = Debug|Any CPU
		Release|Any CPU = Release|Any CPU
	EndGlobalSection
	GlobalSection(ProjectConfigurationPlatforms) = postSolution
		{205C8856-EB84-4772-89E1-125F3A9A85D5}.Debug|Any CPU.ActiveCfg = Debug|Any CPU
		{205C8856-EB84-4772-89E1-125F3A9A85D5}.Debug|Any CPU.Build.0 = Debug|Any CPU
		{205C8856-EB84-4772-89E1-125F3A9A85D5}.Release|Any CPU.ActiveCfg = Release|Any CPU
		{205C8856-EB84-4772-89E1-125F3A9A85D5}.Release|Any CPU.Build.0 = Release|Any CPU
		{12A60600-F1A2-4224-9563-6988B8E4D405}.Debug|Any CPU.ActiveCfg = Debug|Any CPU
		{12A60600-F1A2-4224-9563-6988B8E4D405}.Debug|Any CPU.Build.0 = Debug|Any CPU
		{12A60600-F1A2-4224-9563-6988B8E4D405}.Release|Any CPU.ActiveCfg = Release|Any CPU
		{12A60600-F1A2-4224-9563-6988B8E4D405}.Release|Any CPU.Build.0 = Release|Any CPU
	EndGlobalSection
	GlobalSection(SolutionProperties) = preSolution
		HideSolutionNode = FALSE
	EndGlobalSection
EndGlobal
